
Microsoft Visual Studio Solution File, Format Version 11.00
# Visual Studio 2010
Project("{FAE04EC0-301F-11D3-BF4B-00C04F79EFBC}") = "Assembly-CSharp", "Assembly-CSharp.csproj", "{03938ccd-4b40-8dfb-6b9b-21988d5cac0a}"
EndProject
Project("{FAE04EC0-301F-11D3-BF4B-00C04F79EFBC}") = "Panthea.Asset", "Panthea.Asset.csproj", "{8f37cb30-8904-f03b-5818-07331ef61a5e}"
EndProject
Project("{FAE04EC0-301F-11D3-BF4B-00C04F79EFBC}") = "Assembly-CSharp-firstpass", "Assembly-CSharp-firstpass.csproj", "{09b46226-3263-561e-d797-c9025c53bdd6}"
EndProject
Project("{FAE04EC0-301F-11D3-BF4B-00C04F79EFBC}") = "spine-unity-examples", "spine-unity-examples.csproj", "{8b54cdd5-3782-72cd-f713-6dfbafbad64c}"
EndProject
Project("{FAE04EC0-301F-11D3-BF4B-00C04F79EFBC}") = "spine-unity", "spine-unity.csproj", "{4ebdc6d9-b198-4028-cad8-6ae288c4c16e}"
EndProject
Project("{FAE04EC0-301F-11D3-BF4B-00C04F79EFBC}") = "Unity.TextMeshPro", "Unity.TextMeshPro.csproj", "{dfd7019c-bb86-3498-4973-5d336b1f52ef}"
EndProject
Project("{FAE04EC0-301F-11D3-BF4B-00C04F79EFBC}") = "Panthea.Utils", "Panthea.Utils.csproj", "{fd394c41-51e6-503c-1715-785bb9cd194a}"
EndProject
Project("{FAE04EC0-301F-11D3-BF4B-00C04F79EFBC}") = "Panthea.Common", "Panthea.Common.csproj", "{93340cae-54e5-e19e-726b-e4dddf416e69}"
EndProject
Project("{FAE04EC0-301F-11D3-BF4B-00C04F79EFBC}") = "ConsoleRedirect", "ConsoleRedirect.csproj", "{1d255967-5473-94d9-af01-b632bfa07540}"
EndProject
Project("{FAE04EC0-301F-11D3-BF4B-00C04F79EFBC}") = "Unity.TextMeshPro.Tests", "Unity.TextMeshPro.Tests.csproj", "{9a02ff8e-ade4-aeb7-6b24-6dc12d676bb2}"
EndProject
Project("{FAE04EC0-301F-11D3-BF4B-00C04F79EFBC}") = "Panthea.MessageKit", "Panthea.MessageKit.csproj", "{ba16122e-6956-a5d0-5c28-84f9f9932d23}"
EndProject
Project("{FAE04EC0-301F-11D3-BF4B-00C04F79EFBC}") = "Assembly-CSharp-Editor", "Assembly-CSharp-Editor.csproj", "{c6e61163-200a-3b38-320b-694068de37a5}"
EndProject
Project("{FAE04EC0-301F-11D3-BF4B-00C04F79EFBC}") = "Unity.TextMeshPro.Editor", "Unity.TextMeshPro.Editor.csproj", "{651b9223-1d49-3552-fade-892e6e843c3f}"
EndProject
Project("{FAE04EC0-301F-11D3-BF4B-00C04F79EFBC}") = "Assembly-CSharp-Editor-firstpass", "Assembly-CSharp-Editor-firstpass.csproj", "{c4d634f5-6833-2b03-289c-a943cc171719}"
EndProject
Project("{FAE04EC0-301F-11D3-BF4B-00C04F79EFBC}") = "spine-unity-editor", "spine-unity-editor.csproj", "{d8f80abd-98ec-9464-f316-0c1f7b74aa00}"
EndProject
Project("{FAE04EC0-301F-11D3-BF4B-00C04F79EFBC}") = "Panthea.Editor.Asset", "Panthea.Editor.Asset.csproj", "{b373b072-9c02-5434-4967-be94f4e96ffe}"
EndProject
Project("{FAE04EC0-301F-11D3-BF4B-00C04F79EFBC}") = "spine-unity-examples-editor", "spine-unity-examples-editor.csproj", "{5f89c84e-ded7-c085-2d91-582735462c8c}"
EndProject
Project("{FAE04EC0-301F-11D3-BF4B-00C04F79EFBC}") = "Unity.TextMeshPro.Editor.Tests", "Unity.TextMeshPro.Editor.Tests.csproj", "{66f8153e-d264-e3fc-c0c8-4649b6572425}"
EndProject
Global
	GlobalSection(SolutionConfigurationPlatforms) = preSolution
		Debug|Any CPU = Debug|Any CPU
	EndGlobalSection
	GlobalSection(ProjectConfigurationPlatforms) = postSolution
		{03938ccd-4b40-8dfb-6b9b-21988d5cac0a}.Debug|Any CPU.ActiveCfg = Debug|Any CPU
		{03938ccd-4b40-8dfb-6b9b-21988d5cac0a}.Debug|Any CPU.Build.0 = Debug|Any CPU
		{8f37cb30-8904-f03b-5818-07331ef61a5e}.Debug|Any CPU.ActiveCfg = Debug|Any CPU
		{8f37cb30-8904-f03b-5818-07331ef61a5e}.Debug|Any CPU.Build.0 = Debug|Any CPU
		{09b46226-3263-561e-d797-c9025c53bdd6}.Debug|Any CPU.ActiveCfg = Debug|Any CPU
		{09b46226-3263-561e-d797-c9025c53bdd6}.Debug|Any CPU.Build.0 = Debug|Any CPU
		{8b54cdd5-3782-72cd-f713-6dfbafbad64c}.Debug|Any CPU.ActiveCfg = Debug|Any CPU
		{8b54cdd5-3782-72cd-f713-6dfbafbad64c}.Debug|Any CPU.Build.0 = Debug|Any CPU
		{4ebdc6d9-b198-4028-cad8-6ae288c4c16e}.Debug|Any CPU.ActiveCfg = Debug|Any CPU
		{4ebdc6d9-b198-4028-cad8-6ae288c4c16e}.Debug|Any CPU.Build.0 = Debug|Any CPU
		{dfd7019c-bb86-3498-4973-5d336b1f52ef}.Debug|Any CPU.ActiveCfg = Debug|Any CPU
		{dfd7019c-bb86-3498-4973-5d336b1f52ef}.Debug|Any CPU.Build.0 = Debug|Any CPU
		{fd394c41-51e6-503c-1715-785bb9cd194a}.Debug|Any CPU.ActiveCfg = Debug|Any CPU
		{fd394c41-51e6-503c-1715-785bb9cd194a}.Debug|Any CPU.Build.0 = Debug|Any CPU
		{93340cae-54e5-e19e-726b-e4dddf416e69}.Debug|Any CPU.ActiveCfg = Debug|Any CPU
		{93340cae-54e5-e19e-726b-e4dddf416e69}.Debug|Any CPU.Build.0 = Debug|Any CPU
		{1d255967-5473-94d9-af01-b632bfa07540}.Debug|Any CPU.ActiveCfg = Debug|Any CPU
		{1d255967-5473-94d9-af01-b632bfa07540}.Debug|Any CPU.Build.0 = Debug|Any CPU
		{9a02ff8e-ade4-aeb7-6b24-6dc12d676bb2}.Debug|Any CPU.ActiveCfg = Debug|Any CPU
		{9a02ff8e-ade4-aeb7-6b24-6dc12d676bb2}.Debug|Any CPU.Build.0 = Debug|Any CPU
		{ba16122e-6956-a5d0-5c28-84f9f9932d23}.Debug|Any CPU.ActiveCfg = Debug|Any CPU
		{ba16122e-6956-a5d0-5c28-84f9f9932d23}.Debug|Any CPU.Build.0 = Debug|Any CPU
		{c6e61163-200a-3b38-320b-694068de37a5}.Debug|Any CPU.ActiveCfg = Debug|Any CPU
		{c6e61163-200a-3b38-320b-694068de37a5}.Debug|Any CPU.Build.0 = Debug|Any CPU
		{651b9223-1d49-3552-fade-892e6e843c3f}.Debug|Any CPU.ActiveCfg = Debug|Any CPU
		{651b9223-1d49-3552-fade-892e6e843c3f}.Debug|Any CPU.Build.0 = Debug|Any CPU
		{c4d634f5-6833-2b03-289c-a943cc171719}.Debug|Any CPU.ActiveCfg = Debug|Any CPU
		{c4d634f5-6833-2b03-289c-a943cc171719}.Debug|Any CPU.Build.0 = Debug|Any CPU
		{d8f80abd-98ec-9464-f316-0c1f7b74aa00}.Debug|Any CPU.ActiveCfg = Debug|Any CPU
		{d8f80abd-98ec-9464-f316-0c1f7b74aa00}.Debug|Any CPU.Build.0 = Debug|Any CPU
		{b373b072-9c02-5434-4967-be94f4e96ffe}.Debug|Any CPU.ActiveCfg = Debug|Any CPU
		{b373b072-9c02-5434-4967-be94f4e96ffe}.Debug|Any CPU.Build.0 = Debug|Any CPU
		{5f89c84e-ded7-c085-2d91-582735462c8c}.Debug|Any CPU.ActiveCfg = Debug|Any CPU
		{5f89c84e-ded7-c085-2d91-582735462c8c}.Debug|Any CPU.Build.0 = Debug|Any CPU
		{66f8153e-d264-e3fc-c0c8-4649b6572425}.Debug|Any CPU.ActiveCfg = Debug|Any CPU
		{66f8153e-d264-e3fc-c0c8-4649b6572425}.Debug|Any CPU.Build.0 = Debug|Any CPU
	EndGlobalSection
	GlobalSection(SolutionProperties) = preSolution
		HideSolutionNode = FALSE
	EndGlobalSection
EndGlobal
